schema: '2.0'
stages:
  data_ingestion:
    cmd: python src/emailClassifier/pipeline/data_ingestion_pipeline.py
    deps:
    - path: config/config.yaml
      hash: md5
      md5: 3f7dddeab3ae2abf61cdc92ca1f5afda
      size: 1084
    - path: src/emailClassifier/components/data_ingestion.py
      hash: md5
      md5: eba229f0fe3355a3a4eb30fefcc65f51
      size: 986
    outs:
    - path: output/data_ingestion/combined_data.csv
      hash: md5
      md5: 544e3dc00840bac4ea1aa8c7ca744f13
      size: 139910068
  data_validation:
    cmd: python src/emailClassifier/pipeline/data_validation_pipeline.py
    deps:
    - path: config/config.yaml
      hash: md5
      md5: 3f7dddeab3ae2abf61cdc92ca1f5afda
      size: 1084
    - path: output/data_ingestion/combined_data.csv
      hash: md5
      md5: 544e3dc00840bac4ea1aa8c7ca744f13
      size: 139910068
    - path: src/emailClassifier/components/data_validation.py
      hash: md5
      md5: 35d3b69c8f7a25231c2cdef50e7c717b
      size: 1165
    outs:
    - path: output/data_validation/status.txt
      hash: md5
      md5: c5aff53158692e0817a3632881347e7b
      size: 23
